
Microsoft Visual Studio Solution File, Format Version 12.00
# Visual Studio Version 16
VisualStudioVersion = 16.0.30413.136
MinimumVisualStudioVersion = 10.0.40219.1
Project("{F184B08F-C81C-45F6-A57F-5ABD9991F28F}") = "PrimeraAplicacion", "PrimeraAplicacion.vbproj", "{2BC73716-4A51-44D2-A698-B3112C809EC1}"
EndProject
Global
	GlobalSection(SolutionConfigurationPlatforms) = preSolution
		Debug|Any CPU = Debug|Any CPU
		Release|Any CPU = Release|Any CPU
	EndGlobalSection
	GlobalSection(ProjectConfigurationPlatforms) = postSolution
		{2BC73716-4A51-44D2-A698-B3112C809EC1}.Debug|Any CPU.ActiveCfg = Debug|Any CPU
		{2BC73716-4A51-44D2-A698-B3112C809EC1}.Debug|Any CPU.Build.0 = Debug|Any CPU
		{2BC73716-4A51-44D2-A698-B3112C809EC1}.Release|Any CPU.ActiveCfg = Release|Any CPU
		{2BC73716-4A51-44D2-A698-B3112C809EC1}.Release|Any CPU.Build.0 = Release|Any CPU
	EndGlobalSection
	GlobalSection(SolutionProperties) = preSolution
		HideSolutionNode = FALSE
	EndGlobalSection
	GlobalSection(ExtensibilityGlobals) = postSolution
		SolutionGuid = {DE79C325-75B8-4025-9C33-916F2EE8441A}
	EndGlobalSection
EndGlobal
